
Microsoft Visual Studio Solution File, Format Version 12.00
# Visual Studio Version 17
VisualStudioVersion = 17.6.33829.357
MinimumVisualStudioVersion = 10.0.40219.1
Project("{FAE04EC0-301F-11D3-BF4B-00C04F79EFBC}") = "ImageStorage.Application", "ImageStorage.Application\ImageStorage.Application.csproj", "{C5B2DC8D-4E89-48D0-9B19-5B0339DEC942}"
EndProject
Project("{FAE04EC0-301F-11D3-BF4B-00C04F79EFBC}") = "ImageStorage.ImageVerification", "ImageStorage.ImageVerification\ImageStorage.ImageVerification.csproj", "{0877964C-A2CA-4684-8D7E-5B2FF43EC57B}"
EndProject
Project("{FAE04EC0-301F-11D3-BF4B-00C04F79EFBC}") = "ImageStorage.Test", "ImageStorage.Test\ImageStorage.Test.csproj", "{5A6B98C7-1DB6-4E60-A56A-57A0822BD966}"
EndProject
Global
	GlobalSection(SolutionConfigurationPlatforms) = preSolution
		Debug|Any CPU = Debug|Any CPU
		Release|Any CPU = Release|Any CPU
	EndGlobalSection
	GlobalSection(ProjectConfigurationPlatforms) = postSolution
		{C5B2DC8D-4E89-48D0-9B19-5B0339DEC942}.Debug|Any CPU.ActiveCfg = Debug|Any CPU
		{C5B2DC8D-4E89-48D0-9B19-5B0339DEC942}.Debug|Any CPU.Build.0 = Debug|Any CPU
		{C5B2DC8D-4E89-48D0-9B19-5B0339DEC942}.Release|Any CPU.ActiveCfg = Release|Any CPU
		{C5B2DC8D-4E89-48D0-9B19-5B0339DEC942}.Release|Any CPU.Build.0 = Release|Any CPU
		{0877964C-A2CA-4684-8D7E-5B2FF43EC57B}.Debug|Any CPU.ActiveCfg = Debug|Any CPU
		{0877964C-A2CA-4684-8D7E-5B2FF43EC57B}.Debug|Any CPU.Build.0 = Debug|Any CPU
		{0877964C-A2CA-4684-8D7E-5B2FF43EC57B}.Release|Any CPU.ActiveCfg = Release|Any CPU
		{0877964C-A2CA-4684-8D7E-5B2FF43EC57B}.Release|Any CPU.Build.0 = Release|Any CPU
		{5A6B98C7-1DB6-4E60-A56A-57A0822BD966}.Debug|Any CPU.ActiveCfg = Debug|Any CPU
		{5A6B98C7-1DB6-4E60-A56A-57A0822BD966}.Debug|Any CPU.Build.0 = Debug|Any CPU
		{5A6B98C7-1DB6-4E60-A56A-57A0822BD966}.Release|Any CPU.ActiveCfg = Release|Any CPU
		{5A6B98C7-1DB6-4E60-A56A-57A0822BD966}.Release|Any CPU.Build.0 = Release|Any CPU
	EndGlobalSection
	GlobalSection(SolutionProperties) = preSolution
		HideSolutionNode = FALSE
	EndGlobalSection
	GlobalSection(ExtensibilityGlobals) = postSolution
		SolutionGuid = {1209C6C8-D874-48D9-9CEC-B91CE7D98B7B}
	EndGlobalSection
EndGlobal
